
Microsoft Visual Studio Solution File, Format Version 12.00
Project("{FAE04EC0-301F-11D3-BF4B-00C04F79EFBC}") = "tldr-sharp", "tldr-sharp\tldr-sharp.csproj", "{0B05AA00-8F21-4531-9237-5F4169107E32}"
EndProject
Global
	GlobalSection(SolutionConfigurationPlatforms) = preSolution
		Debug|Any CPU = Debug|Any CPU
		Release|Any CPU = Release|Any CPU
		Release32|Any CPU = Release32|Any CPU
	EndGlobalSection
	GlobalSection(ProjectConfigurationPlatforms) = postSolution
		{0B05AA00-8F21-4531-9237-5F4169107E32}.Debug|Any CPU.ActiveCfg = Debug|Any CPU
		{0B05AA00-8F21-4531-9237-5F4169107E32}.Debug|Any CPU.Build.0 = Debug|Any CPU
		{0B05AA00-8F21-4531-9237-5F4169107E32}.Release|Any CPU.ActiveCfg = Release|Any CPU
		{0B05AA00-8F21-4531-9237-5F4169107E32}.Release|Any CPU.Build.0 = Release|Any CPU
		{0B05AA00-8F21-4531-9237-5F4169107E32}.Release32|Any CPU.ActiveCfg = Release32|Any CPU
		{0B05AA00-8F21-4531-9237-5F4169107E32}.Release32|Any CPU.Build.0 = Release32|Any CPU
	EndGlobalSection
EndGlobal
